
Microsoft Visual Studio Solution File, Format Version 12.00
# Visual Studio Version 16
VisualStudioVersion = 16.0.31424.327
MinimumVisualStudioVersion = 10.0.40219.1
Project("{FAE04EC0-301F-11D3-BF4B-00C04F79EFBC}") = "ShipsAndPorts.Web", "ShipsAndPort.Web\ShipsAndPorts.Web.csproj", "{A9417478-7815-46EA-B33E-C043ECE8389E}"
EndProject
Global
	GlobalSection(SolutionConfigurationPlatforms) = preSolution
		Debug|Any CPU = Debug|Any CPU
		Release|Any CPU = Release|Any CPU
	EndGlobalSection
	GlobalSection(ProjectConfigurationPlatforms) = postSolution
		{A9417478-7815-46EA-B33E-C043ECE8389E}.Debug|Any CPU.ActiveCfg = Debug|Any CPU
		{A9417478-7815-46EA-B33E-C043ECE8389E}.Debug|Any CPU.Build.0 = Debug|Any CPU
		{A9417478-7815-46EA-B33E-C043ECE8389E}.Release|Any CPU.ActiveCfg = Release|Any CPU
		{A9417478-7815-46EA-B33E-C043ECE8389E}.Release|Any CPU.Build.0 = Release|Any CPU
	EndGlobalSection
	GlobalSection(SolutionProperties) = preSolution
		HideSolutionNode = FALSE
	EndGlobalSection
	GlobalSection(ExtensibilityGlobals) = postSolution
		SolutionGuid = {8D7CCE3E-8D89-48B2-AD2B-127AEC54A65B}
	EndGlobalSection
EndGlobal
